
Microsoft Visual Studio Solution File, Format Version 12.00
# Visual Studio Version 17
VisualStudioVersion = 17.5.33516.290
MinimumVisualStudioVersion = 10.0.40219.1
Project("{FAE04EC0-301F-11D3-BF4B-00C04F79EFBC}") = "CititesManager.WebAPI", "CititesManager.WebAPI\CititesManager.WebAPI.csproj", "{6214A1F1-145E-4CA4-A44D-F670395C1FB3}"
EndProject
Global
	GlobalSection(SolutionConfigurationPlatforms) = preSolution
		Debug|Any CPU = Debug|Any CPU
		Release|Any CPU = Release|Any CPU
	EndGlobalSection
	GlobalSection(ProjectConfigurationPlatforms) = postSolution
		{6214A1F1-145E-4CA4-A44D-F670395C1FB3}.Debug|Any CPU.ActiveCfg = Debug|Any CPU
		{6214A1F1-145E-4CA4-A44D-F670395C1FB3}.Debug|Any CPU.Build.0 = Debug|Any CPU
		{6214A1F1-145E-4CA4-A44D-F670395C1FB3}.Release|Any CPU.ActiveCfg = Release|Any CPU
		{6214A1F1-145E-4CA4-A44D-F670395C1FB3}.Release|Any CPU.Build.0 = Release|Any CPU
	EndGlobalSection
	GlobalSection(SolutionProperties) = preSolution
		HideSolutionNode = FALSE
	EndGlobalSection
	GlobalSection(ExtensibilityGlobals) = postSolution
		SolutionGuid = {F77B8D93-4114-4EB8-B4D7-BE86435C6A83}
	EndGlobalSection
EndGlobal
